Microsoft Visual Studio Solution File, Format Version 8.00
Project("{8BC9CEB8-8B4A-11D0-8D11-00A0C91BC942}") = "pysvn", "pysvn-for-svn-1-5-msvc71.vcproj", "{7C3CCB07-BFDC-4157-B5C8-5B6B3BCFCCB3}"
	ProjectSection(ProjectDependencies) = postProject
	EndProjectSection
EndProject
Project("{8BC9CEB8-8B4A-11D0-8D11-00A0C91BC942}") = "generate_svn_error_codes", "generate_svn_error_codes\generate_svn_error_codes-1-5-msvc71.vcproj", "{8CB7EE5D-223C-4C12-B797-D1BBEDECCDE4}"
	ProjectSection(ProjectDependencies) = postProject
	EndProjectSection
EndProject
Global
	GlobalSection(SolutionConfiguration) = preSolution
		Debug = Debug
		Profile = Profile
		Release = Release
	EndGlobalSection
	GlobalSection(ProjectConfiguration) = postSolution
		{7C3CCB07-BFDC-4157-B5C8-5B6B3BCFCCB3}.Debug.ActiveCfg = Debug|Win32
		{7C3CCB07-BFDC-4157-B5C8-5B6B3BCFCCB3}.Debug.Build.0 = Debug|Win32
		{7C3CCB07-BFDC-4157-B5C8-5B6B3BCFCCB3}.Profile.ActiveCfg = Profile|Win32
		{7C3CCB07-BFDC-4157-B5C8-5B6B3BCFCCB3}.Profile.Build.0 = Profile|Win32
		{7C3CCB07-BFDC-4157-B5C8-5B6B3BCFCCB3}.Release.ActiveCfg = Release|Win32
		{7C3CCB07-BFDC-4157-B5C8-5B6B3BCFCCB3}.Release.Build.0 = Release|Win32
		{8CB7EE5D-223C-4C12-B797-D1BBEDECCDE4}.Debug.ActiveCfg = Debug|Win32
		{8CB7EE5D-223C-4C12-B797-D1BBEDECCDE4}.Debug.Build.0 = Debug|Win32
		{8CB7EE5D-223C-4C12-B797-D1BBEDECCDE4}.Profile.ActiveCfg = Release|Win32
		{8CB7EE5D-223C-4C12-B797-D1BBEDECCDE4}.Profile.Build.0 = Release|Win32
		{8CB7EE5D-223C-4C12-B797-D1BBEDECCDE4}.Release.ActiveCfg = Release|Win32
		{8CB7EE5D-223C-4C12-B797-D1BBEDECCDE4}.Release.Build.0 = Release|Win32
	EndGlobalSection
	GlobalSection(ExtensibilityGlobals) = postSolution
	EndGlobalSection
	GlobalSection(ExtensibilityAddIns) = postSolution
	EndGlobalSection
EndGlobal
